
Microsoft Visual Studio Solution File, Format Version 12.00
# Visual Studio 15
VisualStudioVersion = 15.0.27130.2020
MinimumVisualStudioVersion = 10.0.40219.1
Project("{FAE04EC0-301F-11D3-BF4B-00C04F79EFBC}") = "Common", "Common\Common.csproj", "{216005DE-C35B-4CD3-8D27-0A49DEEDE62C}"
EndProject
Project("{FAE04EC0-301F-11D3-BF4B-00C04F79EFBC}") = "Server", "Server\Server.csproj", "{4C426072-E087-431B-A8BC-4BA675C6D06A}"
EndProject
Project("{FAE04EC0-301F-11D3-BF4B-00C04F79EFBC}") = "Client", "Client\Client.csproj", "{38A048D3-55C1-4F81-8E55-27ED0E54E1A9}"
EndProject
Global
	GlobalSection(SolutionConfigurationPlatforms) = preSolution
		Debug|Any CPU = Debug|Any CPU
		Release|Any CPU = Release|Any CPU
	EndGlobalSection
	GlobalSection(ProjectConfigurationPlatforms) = postSolution
		{216005DE-C35B-4CD3-8D27-0A49DEEDE62C}.Debug|Any CPU.ActiveCfg = Debug|Any CPU
		{216005DE-C35B-4CD3-8D27-0A49DEEDE62C}.Debug|Any CPU.Build.0 = Debug|Any CPU
		{216005DE-C35B-4CD3-8D27-0A49DEEDE62C}.Release|Any CPU.ActiveCfg = Release|Any CPU
		{216005DE-C35B-4CD3-8D27-0A49DEEDE62C}.Release|Any CPU.Build.0 = Release|Any CPU
		{4C426072-E087-431B-A8BC-4BA675C6D06A}.Debug|Any CPU.ActiveCfg = Debug|Any CPU
		{4C426072-E087-431B-A8BC-4BA675C6D06A}.Debug|Any CPU.Build.0 = Debug|Any CPU
		{4C426072-E087-431B-A8BC-4BA675C6D06A}.Release|Any CPU.ActiveCfg = Release|Any CPU
		{4C426072-E087-431B-A8BC-4BA675C6D06A}.Release|Any CPU.Build.0 = Release|Any CPU
		{38A048D3-55C1-4F81-8E55-27ED0E54E1A9}.Debug|Any CPU.ActiveCfg = Debug|Any CPU
		{38A048D3-55C1-4F81-8E55-27ED0E54E1A9}.Debug|Any CPU.Build.0 = Debug|Any CPU
		{38A048D3-55C1-4F81-8E55-27ED0E54E1A9}.Release|Any CPU.ActiveCfg = Release|Any CPU
		{38A048D3-55C1-4F81-8E55-27ED0E54E1A9}.Release|Any CPU.Build.0 = Release|Any CPU
	EndGlobalSection
	GlobalSection(SolutionProperties) = preSolution
		HideSolutionNode = FALSE
	EndGlobalSection
	GlobalSection(ExtensibilityGlobals) = postSolution
		SolutionGuid = {A16DA980-2F28-410E-9D96-8713564D73D9}
	EndGlobalSection
EndGlobal
